{
  "version": "v1",
  "packages": {
    "logicflow-vue": {
      "signature": "f6ffa22a5a250cbb016294a9848f10b5"
    },
    "logicflow-vuex": {
      "signature": "a9ca44b65b21db7304b50bd1e8cead67",
      "file": true
    },
    "drag-generator": {
      "signature": "a309c9df102c92e9024f4adcfe249154"
    }
  }
}