{
  "version": "v1",
  "packages": {
    "logicflow-vue": {
      "signature": "13a3d82e16e45d63db8f4b8b51840e9a"
    },
    "logicflow-vuex": {
      "signature": "a9ca44b65b21db7304b50bd1e8cead67",
      "file": true
    },
    "drag-generator": {
      "signature": "a309c9df102c92e9024f4adcfe249154"
    }
  }
}